
Microsoft Visual Studio Solution File, Format Version 12.00
# Visual Studio Version 17
VisualStudioVersion = 17.0.31903.59
MinimumVisualStudioVersion = 10.0.40219.1
Project("{2150E333-8FDC-42A3-9474-1A3956D46DE8}") = "Services", "Services", "{D620DECD-E72E-4F9E-969B-A1763747663B}"
EndProject
Project("{2150E333-8FDC-42A3-9474-1A3956D46DE8}") = "Core", "Core", "{B69DD4DA-2E33-4F07-ACD9-F592A25A68ED}"
EndProject
Project("{9A19103F-16F7-4668-BE54-9A1E7A4F7556}") = "Core", "Services\Core\Core.csproj", "{D4CB78B6-1E33-4676-A117-D1EA31F1E9D0}"
EndProject
Project("{2150E333-8FDC-42A3-9474-1A3956D46DE8}") = "ProductService", "ProductService", "{91830174-314A-439E-BE2A-88CB6513EAA2}"
EndProject
Project("{2150E333-8FDC-42A3-9474-1A3956D46DE8}") = "AuthService", "AuthService", "{F2784C29-91F0-4F90-BF09-DA1F5F1A3F24}"
EndProject
Project("{9A19103F-16F7-4668-BE54-9A1E7A4F7556}") = "Application", "Services\ProductService\Application\Application\Application.csproj", "{7BA0282E-3DA6-492D-8A21-4AE0F145E48E}"
EndProject
Project("{9A19103F-16F7-4668-BE54-9A1E7A4F7556}") = "Domain", "Services\ProductService\Domain\Domain\Domain.csproj", "{E41708C4-877B-476B-9FB9-1FC56520EF61}"
EndProject
Project("{9A19103F-16F7-4668-BE54-9A1E7A4F7556}") = "Enum", "Services\ProductService\Enum\Enum\Enum.csproj", "{77800DEC-216D-4DAF-831E-82C742847BE8}"
EndProject
Project("{9A19103F-16F7-4668-BE54-9A1E7A4F7556}") = "Host", "Services\ProductService\Host\Host\Host.csproj", "{886CB2DF-8C1F-4C9C-9BF1-87A4F520B7B8}"
	ProjectSection(ProjectDependencies) = postProject
		{7BA0282E-3DA6-492D-8A21-4AE0F145E48E} = {7BA0282E-3DA6-492D-8A21-4AE0F145E48E}
	EndProjectSection
EndProject
Project("{9A19103F-16F7-4668-BE54-9A1E7A4F7556}") = "Host", "Services\AuthService\Host\Host\Host.csproj", "{551FDE34-184D-4737-B16B-BF0229D069AE}"
EndProject
Project("{9A19103F-16F7-4668-BE54-9A1E7A4F7556}") = "Application", "Services\AuthService\Application\Application\Application.csproj", "{77255974-97E6-4270-BC9B-BF33464F497B}"
EndProject
Project("{9A19103F-16F7-4668-BE54-9A1E7A4F7556}") = "Domain", "Services\AuthService\Domain\Domain\Domain.csproj", "{F555255F-FCD7-456C-8702-89E7FBE83FE0}"
EndProject
Project("{9A19103F-16F7-4668-BE54-9A1E7A4F7556}") = "Enum", "Services\AuthService\Enum\Enum\Enum.csproj", "{7AE6E50D-79BA-4187-B144-51284CB10FFE}"
EndProject
Project("{2150E333-8FDC-42A3-9474-1A3956D46DE8}") = "CartService", "CartService", "{80B5FD78-EA99-437A-98E2-D2BCEF81C965}"
EndProject
Project("{9A19103F-16F7-4668-BE54-9A1E7A4F7556}") = "Application", "Services\CartService\Application\Application\Application.csproj", "{18813AA6-82B0-45EF-9686-A19FE1BD7DD9}"
EndProject
Project("{9A19103F-16F7-4668-BE54-9A1E7A4F7556}") = "Domain", "Services\CartService\Domain\Domain\Domain.csproj", "{A4CEE78D-F598-4850-88FD-1E02EA29400C}"
EndProject
Project("{9A19103F-16F7-4668-BE54-9A1E7A4F7556}") = "Enum", "Services\CartService\Enum\Enum\Enum.csproj", "{D14BD27F-134A-46A4-93BE-53D3B9D42B4F}"
EndProject
Project("{9A19103F-16F7-4668-BE54-9A1E7A4F7556}") = "Host", "Services\CartService\Host\Host\Host.csproj", "{C7C7BA08-A51D-4133-8173-7E9B910A550B}"
EndProject
Project("{2150E333-8FDC-42A3-9474-1A3956D46DE8}") = "ApiGateway", "ApiGateway", "{A1D565C6-F5A0-422A-8C54-B6B7FD4B39D7}"
EndProject
Project("{9A19103F-16F7-4668-BE54-9A1E7A4F7556}") = "ApiGateway", "ApiGateway\ApiGateway\ApiGateway.csproj", "{90973B16-15D3-4715-828D-B354FCEAE104}"
EndProject
Project("{2150E333-8FDC-42A3-9474-1A3956D46DE8}") = "HomeService", "HomeService", "{4DEA0DB2-C66F-4DCB-8E61-49505BA7BF19}"
EndProject
Project("{2150E333-8FDC-42A3-9474-1A3956D46DE8}") = "Application", "Application", "{099B2F29-3588-48A5-AED5-53B122E3E4EA}"
EndProject
Project("{9A19103F-16F7-4668-BE54-9A1E7A4F7556}") = "Application", "Services\HomeService\Application\Application\Application.csproj", "{91E61E48-CB19-4DD2-819F-640383774FEA}"
EndProject
Project("{2150E333-8FDC-42A3-9474-1A3956D46DE8}") = "Domain", "Domain", "{791B39A4-0FD2-4876-8EE7-6EB3C16FA69B}"
EndProject
Project("{2150E333-8FDC-42A3-9474-1A3956D46DE8}") = "Host", "Host", "{A8522AF0-2BA1-404C-B1D4-35A602D57E99}"
EndProject
Project("{9A19103F-16F7-4668-BE54-9A1E7A4F7556}") = "Domain", "Services\HomeService\Domain\Domain\Domain.csproj", "{407704D1-0147-4D54-8AC2-C3C65AA5FD49}"
EndProject
Project("{9A19103F-16F7-4668-BE54-9A1E7A4F7556}") = "Host", "Services\HomeService\Host\Host\Host.csproj", "{2AC37D53-DECC-4686-95D3-7F966E018098}"
EndProject
Project("{2150E333-8FDC-42A3-9474-1A3956D46DE8}") = "OrderService", "OrderService", "{3FABC343-51FE-4187-9694-6CBA1F160B35}"
EndProject
Project("{9A19103F-16F7-4668-BE54-9A1E7A4F7556}") = "Application", "Services\OrderService\Application\Application\Application.csproj", "{74CA4644-B1CD-4150-B89E-E04F60D18686}"
EndProject
Project("{9A19103F-16F7-4668-BE54-9A1E7A4F7556}") = "Domain", "Services\OrderService\Domain\Domain\Domain.csproj", "{B483FC06-B9E5-4679-A6F6-5797D2A893AF}"
EndProject
Project("{9A19103F-16F7-4668-BE54-9A1E7A4F7556}") = "Enum", "Services\OrderService\Enum\Enum\Enum.csproj", "{0B5BC260-C2E3-4EBB-906D-71B58D2493A1}"
EndProject
Project("{9A19103F-16F7-4668-BE54-9A1E7A4F7556}") = "Host", "Services\OrderService\Host\Host\Host.csproj", "{0BC98990-2EBC-4340-A65E-A6363CBA2319}"
EndProject
Global
	GlobalSection(SolutionConfigurationPlatforms) = preSolution
		Debug|Any CPU = Debug|Any CPU
		Release|Any CPU = Release|Any CPU
	EndGlobalSection
	GlobalSection(ProjectConfigurationPlatforms) = postSolution
		{D4CB78B6-1E33-4676-A117-D1EA31F1E9D0}.Debug|Any CPU.ActiveCfg = Debug|Any CPU
		{D4CB78B6-1E33-4676-A117-D1EA31F1E9D0}.Debug|Any CPU.Build.0 = Debug|Any CPU
		{D4CB78B6-1E33-4676-A117-D1EA31F1E9D0}.Release|Any CPU.ActiveCfg = Release|Any CPU
		{D4CB78B6-1E33-4676-A117-D1EA31F1E9D0}.Release|Any CPU.Build.0 = Release|Any CPU
		{7BA0282E-3DA6-492D-8A21-4AE0F145E48E}.Debug|Any CPU.ActiveCfg = Debug|Any CPU
		{7BA0282E-3DA6-492D-8A21-4AE0F145E48E}.Debug|Any CPU.Build.0 = Debug|Any CPU
		{7BA0282E-3DA6-492D-8A21-4AE0F145E48E}.Release|Any CPU.ActiveCfg = Release|Any CPU
		{7BA0282E-3DA6-492D-8A21-4AE0F145E48E}.Release|Any CPU.Build.0 = Release|Any CPU
		{E41708C4-877B-476B-9FB9-1FC56520EF61}.Debug|Any CPU.ActiveCfg = Debug|Any CPU
		{E41708C4-877B-476B-9FB9-1FC56520EF61}.Debug|Any CPU.Build.0 = Debug|Any CPU
		{E41708C4-877B-476B-9FB9-1FC56520EF61}.Release|Any CPU.ActiveCfg = Release|Any CPU
		{E41708C4-877B-476B-9FB9-1FC56520EF61}.Release|Any CPU.Build.0 = Release|Any CPU
		{77800DEC-216D-4DAF-831E-82C742847BE8}.Debug|Any CPU.ActiveCfg = Debug|Any CPU
		{77800DEC-216D-4DAF-831E-82C742847BE8}.Debug|Any CPU.Build.0 = Debug|Any CPU
		{77800DEC-216D-4DAF-831E-82C742847BE8}.Release|Any CPU.ActiveCfg = Release|Any CPU
		{77800DEC-216D-4DAF-831E-82C742847BE8}.Release|Any CPU.Build.0 = Release|Any CPU
		{886CB2DF-8C1F-4C9C-9BF1-87A4F520B7B8}.Debug|Any CPU.ActiveCfg = Debug|Any CPU
		{886CB2DF-8C1F-4C9C-9BF1-87A4F520B7B8}.Debug|Any CPU.Build.0 = Debug|Any CPU
		{886CB2DF-8C1F-4C9C-9BF1-87A4F520B7B8}.Release|Any CPU.ActiveCfg = Release|Any CPU
		{886CB2DF-8C1F-4C9C-9BF1-87A4F520B7B8}.Release|Any CPU.Build.0 = Release|Any CPU
		{551FDE34-184D-4737-B16B-BF0229D069AE}.Debug|Any CPU.ActiveCfg = Debug|Any CPU
		{551FDE34-184D-4737-B16B-BF0229D069AE}.Debug|Any CPU.Build.0 = Debug|Any CPU
		{551FDE34-184D-4737-B16B-BF0229D069AE}.Release|Any CPU.ActiveCfg = Release|Any CPU
		{551FDE34-184D-4737-B16B-BF0229D069AE}.Release|Any CPU.Build.0 = Release|Any CPU
		{77255974-97E6-4270-BC9B-BF33464F497B}.Debug|Any CPU.ActiveCfg = Debug|Any CPU
		{77255974-97E6-4270-BC9B-BF33464F497B}.Debug|Any CPU.Build.0 = Debug|Any CPU
		{77255974-97E6-4270-BC9B-BF33464F497B}.Release|Any CPU.ActiveCfg = Release|Any CPU
		{77255974-97E6-4270-BC9B-BF33464F497B}.Release|Any CPU.Build.0 = Release|Any CPU
		{F555255F-FCD7-456C-8702-89E7FBE83FE0}.Debug|Any CPU.ActiveCfg = Debug|Any CPU
		{F555255F-FCD7-456C-8702-89E7FBE83FE0}.Debug|Any CPU.Build.0 = Debug|Any CPU
		{F555255F-FCD7-456C-8702-89E7FBE83FE0}.Release|Any CPU.ActiveCfg = Release|Any CPU
		{F555255F-FCD7-456C-8702-89E7FBE83FE0}.Release|Any CPU.Build.0 = Release|Any CPU
		{7AE6E50D-79BA-4187-B144-51284CB10FFE}.Debug|Any CPU.ActiveCfg = Debug|Any CPU
		{7AE6E50D-79BA-4187-B144-51284CB10FFE}.Debug|Any CPU.Build.0 = Debug|Any CPU
		{7AE6E50D-79BA-4187-B144-51284CB10FFE}.Release|Any CPU.ActiveCfg = Release|Any CPU
		{7AE6E50D-79BA-4187-B144-51284CB10FFE}.Release|Any CPU.Build.0 = Release|Any CPU
		{18813AA6-82B0-45EF-9686-A19FE1BD7DD9}.Debug|Any CPU.ActiveCfg = Debug|Any CPU
		{18813AA6-82B0-45EF-9686-A19FE1BD7DD9}.Debug|Any CPU.Build.0 = Debug|Any CPU
		{18813AA6-82B0-45EF-9686-A19FE1BD7DD9}.Release|Any CPU.ActiveCfg = Release|Any CPU
		{18813AA6-82B0-45EF-9686-A19FE1BD7DD9}.Release|Any CPU.Build.0 = Release|Any CPU
		{A4CEE78D-F598-4850-88FD-1E02EA29400C}.Debug|Any CPU.ActiveCfg = Debug|Any CPU
		{A4CEE78D-F598-4850-88FD-1E02EA29400C}.Debug|Any CPU.Build.0 = Debug|Any CPU
		{A4CEE78D-F598-4850-88FD-1E02EA29400C}.Release|Any CPU.ActiveCfg = Release|Any CPU
		{A4CEE78D-F598-4850-88FD-1E02EA29400C}.Release|Any CPU.Build.0 = Release|Any CPU
		{D14BD27F-134A-46A4-93BE-53D3B9D42B4F}.Debug|Any CPU.ActiveCfg = Debug|Any CPU
		{D14BD27F-134A-46A4-93BE-53D3B9D42B4F}.Debug|Any CPU.Build.0 = Debug|Any CPU
		{D14BD27F-134A-46A4-93BE-53D3B9D42B4F}.Release|Any CPU.ActiveCfg = Release|Any CPU
		{D14BD27F-134A-46A4-93BE-53D3B9D42B4F}.Release|Any CPU.Build.0 = Release|Any CPU
		{C7C7BA08-A51D-4133-8173-7E9B910A550B}.Debug|Any CPU.ActiveCfg = Debug|Any CPU
		{C7C7BA08-A51D-4133-8173-7E9B910A550B}.Debug|Any CPU.Build.0 = Debug|Any CPU
		{C7C7BA08-A51D-4133-8173-7E9B910A550B}.Release|Any CPU.ActiveCfg = Release|Any CPU
		{C7C7BA08-A51D-4133-8173-7E9B910A550B}.Release|Any CPU.Build.0 = Release|Any CPU
		{90973B16-15D3-4715-828D-B354FCEAE104}.Debug|Any CPU.ActiveCfg = Debug|Any CPU
		{90973B16-15D3-4715-828D-B354FCEAE104}.Debug|Any CPU.Build.0 = Debug|Any CPU
		{90973B16-15D3-4715-828D-B354FCEAE104}.Release|Any CPU.ActiveCfg = Release|Any CPU
		{90973B16-15D3-4715-828D-B354FCEAE104}.Release|Any CPU.Build.0 = Release|Any CPU
		{91E61E48-CB19-4DD2-819F-640383774FEA}.Debug|Any CPU.ActiveCfg = Debug|Any CPU
		{91E61E48-CB19-4DD2-819F-640383774FEA}.Debug|Any CPU.Build.0 = Debug|Any CPU
		{91E61E48-CB19-4DD2-819F-640383774FEA}.Release|Any CPU.ActiveCfg = Release|Any CPU
		{91E61E48-CB19-4DD2-819F-640383774FEA}.Release|Any CPU.Build.0 = Release|Any CPU
		{407704D1-0147-4D54-8AC2-C3C65AA5FD49}.Debug|Any CPU.ActiveCfg = Debug|Any CPU
		{407704D1-0147-4D54-8AC2-C3C65AA5FD49}.Debug|Any CPU.Build.0 = Debug|Any CPU
		{407704D1-0147-4D54-8AC2-C3C65AA5FD49}.Release|Any CPU.ActiveCfg = Release|Any CPU
		{407704D1-0147-4D54-8AC2-C3C65AA5FD49}.Release|Any CPU.Build.0 = Release|Any CPU
		{2AC37D53-DECC-4686-95D3-7F966E018098}.Debug|Any CPU.ActiveCfg = Debug|Any CPU
		{2AC37D53-DECC-4686-95D3-7F966E018098}.Debug|Any CPU.Build.0 = Debug|Any CPU
		{2AC37D53-DECC-4686-95D3-7F966E018098}.Release|Any CPU.ActiveCfg = Release|Any CPU
		{2AC37D53-DECC-4686-95D3-7F966E018098}.Release|Any CPU.Build.0 = Release|Any CPU
		{74CA4644-B1CD-4150-B89E-E04F60D18686}.Debug|Any CPU.ActiveCfg = Debug|Any CPU
		{74CA4644-B1CD-4150-B89E-E04F60D18686}.Debug|Any CPU.Build.0 = Debug|Any CPU
		{74CA4644-B1CD-4150-B89E-E04F60D18686}.Release|Any CPU.ActiveCfg = Release|Any CPU
		{74CA4644-B1CD-4150-B89E-E04F60D18686}.Release|Any CPU.Build.0 = Release|Any CPU
		{B483FC06-B9E5-4679-A6F6-5797D2A893AF}.Debug|Any CPU.ActiveCfg = Debug|Any CPU
		{B483FC06-B9E5-4679-A6F6-5797D2A893AF}.Debug|Any CPU.Build.0 = Debug|Any CPU
		{B483FC06-B9E5-4679-A6F6-5797D2A893AF}.Release|Any CPU.ActiveCfg = Release|Any CPU
		{B483FC06-B9E5-4679-A6F6-5797D2A893AF}.Release|Any CPU.Build.0 = Release|Any CPU
		{0B5BC260-C2E3-4EBB-906D-71B58D2493A1}.Debug|Any CPU.ActiveCfg = Debug|Any CPU
		{0B5BC260-C2E3-4EBB-906D-71B58D2493A1}.Debug|Any CPU.Build.0 = Debug|Any CPU
		{0B5BC260-C2E3-4EBB-906D-71B58D2493A1}.Release|Any CPU.ActiveCfg = Release|Any CPU
		{0B5BC260-C2E3-4EBB-906D-71B58D2493A1}.Release|Any CPU.Build.0 = Release|Any CPU
		{0BC98990-2EBC-4340-A65E-A6363CBA2319}.Debug|Any CPU.ActiveCfg = Debug|Any CPU
		{0BC98990-2EBC-4340-A65E-A6363CBA2319}.Debug|Any CPU.Build.0 = Debug|Any CPU
		{0BC98990-2EBC-4340-A65E-A6363CBA2319}.Release|Any CPU.ActiveCfg = Release|Any CPU
		{0BC98990-2EBC-4340-A65E-A6363CBA2319}.Release|Any CPU.Build.0 = Release|Any CPU
	EndGlobalSection
	GlobalSection(SolutionProperties) = preSolution
		HideSolutionNode = FALSE
	EndGlobalSection
	GlobalSection(NestedProjects) = preSolution
		{B69DD4DA-2E33-4F07-ACD9-F592A25A68ED} = {D620DECD-E72E-4F9E-969B-A1763747663B}
		{D4CB78B6-1E33-4676-A117-D1EA31F1E9D0} = {B69DD4DA-2E33-4F07-ACD9-F592A25A68ED}
		{91830174-314A-439E-BE2A-88CB6513EAA2} = {D620DECD-E72E-4F9E-969B-A1763747663B}
		{F2784C29-91F0-4F90-BF09-DA1F5F1A3F24} = {D620DECD-E72E-4F9E-969B-A1763747663B}
		{7BA0282E-3DA6-492D-8A21-4AE0F145E48E} = {91830174-314A-439E-BE2A-88CB6513EAA2}
		{E41708C4-877B-476B-9FB9-1FC56520EF61} = {91830174-314A-439E-BE2A-88CB6513EAA2}
		{77800DEC-216D-4DAF-831E-82C742847BE8} = {91830174-314A-439E-BE2A-88CB6513EAA2}
		{886CB2DF-8C1F-4C9C-9BF1-87A4F520B7B8} = {91830174-314A-439E-BE2A-88CB6513EAA2}
		{551FDE34-184D-4737-B16B-BF0229D069AE} = {F2784C29-91F0-4F90-BF09-DA1F5F1A3F24}
		{77255974-97E6-4270-BC9B-BF33464F497B} = {F2784C29-91F0-4F90-BF09-DA1F5F1A3F24}
		{F555255F-FCD7-456C-8702-89E7FBE83FE0} = {F2784C29-91F0-4F90-BF09-DA1F5F1A3F24}
		{7AE6E50D-79BA-4187-B144-51284CB10FFE} = {F2784C29-91F0-4F90-BF09-DA1F5F1A3F24}
		{80B5FD78-EA99-437A-98E2-D2BCEF81C965} = {D620DECD-E72E-4F9E-969B-A1763747663B}
		{18813AA6-82B0-45EF-9686-A19FE1BD7DD9} = {80B5FD78-EA99-437A-98E2-D2BCEF81C965}
		{A4CEE78D-F598-4850-88FD-1E02EA29400C} = {80B5FD78-EA99-437A-98E2-D2BCEF81C965}
		{D14BD27F-134A-46A4-93BE-53D3B9D42B4F} = {80B5FD78-EA99-437A-98E2-D2BCEF81C965}
		{C7C7BA08-A51D-4133-8173-7E9B910A550B} = {80B5FD78-EA99-437A-98E2-D2BCEF81C965}
		{90973B16-15D3-4715-828D-B354FCEAE104} = {A1D565C6-F5A0-422A-8C54-B6B7FD4B39D7}
		{4DEA0DB2-C66F-4DCB-8E61-49505BA7BF19} = {D620DECD-E72E-4F9E-969B-A1763747663B}
		{099B2F29-3588-48A5-AED5-53B122E3E4EA} = {4DEA0DB2-C66F-4DCB-8E61-49505BA7BF19}
		{91E61E48-CB19-4DD2-819F-640383774FEA} = {099B2F29-3588-48A5-AED5-53B122E3E4EA}
		{791B39A4-0FD2-4876-8EE7-6EB3C16FA69B} = {4DEA0DB2-C66F-4DCB-8E61-49505BA7BF19}
		{A8522AF0-2BA1-404C-B1D4-35A602D57E99} = {4DEA0DB2-C66F-4DCB-8E61-49505BA7BF19}
		{407704D1-0147-4D54-8AC2-C3C65AA5FD49} = {791B39A4-0FD2-4876-8EE7-6EB3C16FA69B}
		{2AC37D53-DECC-4686-95D3-7F966E018098} = {A8522AF0-2BA1-404C-B1D4-35A602D57E99}
		{3FABC343-51FE-4187-9694-6CBA1F160B35} = {D620DECD-E72E-4F9E-969B-A1763747663B}
		{74CA4644-B1CD-4150-B89E-E04F60D18686} = {3FABC343-51FE-4187-9694-6CBA1F160B35}
		{B483FC06-B9E5-4679-A6F6-5797D2A893AF} = {3FABC343-51FE-4187-9694-6CBA1F160B35}
		{0B5BC260-C2E3-4EBB-906D-71B58D2493A1} = {3FABC343-51FE-4187-9694-6CBA1F160B35}
		{0BC98990-2EBC-4340-A65E-A6363CBA2319} = {3FABC343-51FE-4187-9694-6CBA1F160B35}
	EndGlobalSection
	GlobalSection(ExtensibilityGlobals) = postSolution
		SolutionGuid = {F1F41641-B1C1-441C-ACFE-4CC77BD2EEA5}
	EndGlobalSection
EndGlobal
