
Microsoft Visual Studio Solution File, Format Version 12.00
# Visual Studio Version 17
VisualStudioVersion = 17.0.31903.59
MinimumVisualStudioVersion = 10.0.40219.1
Project("{2150E333-8FDC-42A3-9474-1A3956D46DE8}") = "Services", "Services", "{D620DECD-E72E-4F9E-969B-A1763747663B}"
EndProject
Project("{2150E333-8FDC-42A3-9474-1A3956D46DE8}") = "AuthService", "AuthService", "{AFE324CE-832C-4394-A267-BABC38AFB9C6}"
EndProject
Project("{2150E333-8FDC-42A3-9474-1A3956D46DE8}") = "Enum", "Enum", "{4328E736-2901-4FAB-B69C-1B4D9703C52C}"
EndProject
Project("{FAE04EC0-301F-11D3-BF4B-00C04F79EFBC}") = "Enums", "Services\AuthService\Enum\Enums\Enums.csproj", "{58C652F3-2F24-432A-9E0D-CE828F92B2D9}"
EndProject
Project("{2150E333-8FDC-42A3-9474-1A3956D46DE8}") = "Application", "Application", "{9F52E312-5665-4122-8AAB-CBFEB11ABFE5}"
EndProject
Project("{FAE04EC0-301F-11D3-BF4B-00C04F79EFBC}") = "Application", "Services\AuthService\Application\Application\Application.csproj", "{E76A7FB3-8681-45E0-83CA-DFCEA04337C4}"
EndProject
Project("{2150E333-8FDC-42A3-9474-1A3956D46DE8}") = "Core", "Core", "{A656C7EF-8FF0-4002-B378-433F343F7553}"
EndProject
Project("{FAE04EC0-301F-11D3-BF4B-00C04F79EFBC}") = "Core", "Services\AuthService\Core\Core\Core.csproj", "{38769B02-EB1C-427D-96D5-C055F0B98462}"
EndProject
Project("{2150E333-8FDC-42A3-9474-1A3956D46DE8}") = "Domain", "Domain", "{596DA6C3-33B3-48D6-85A2-48041610484E}"
EndProject
Project("{FAE04EC0-301F-11D3-BF4B-00C04F79EFBC}") = "Domain", "Services\AuthService\Domain\Domain\Domain.csproj", "{168B85EC-C16E-4A54-8968-1108723476B9}"
EndProject
Project("{2150E333-8FDC-42A3-9474-1A3956D46DE8}") = "Host", "Host", "{BB554890-C76E-4301-8483-2D318A010FD3}"
EndProject
Project("{FAE04EC0-301F-11D3-BF4B-00C04F79EFBC}") = "Host", "Services\AuthService\Host\Host\Host.csproj", "{C856ED92-D918-482E-990C-B69D499D98D7}"
EndProject
Global
	GlobalSection(SolutionConfigurationPlatforms) = preSolution
		Debug|Any CPU = Debug|Any CPU
		Release|Any CPU = Release|Any CPU
	EndGlobalSection
	GlobalSection(SolutionProperties) = preSolution
		HideSolutionNode = FALSE
	EndGlobalSection
	GlobalSection(ProjectConfigurationPlatforms) = postSolution
		{58C652F3-2F24-432A-9E0D-CE828F92B2D9}.Debug|Any CPU.ActiveCfg = Debug|Any CPU
		{58C652F3-2F24-432A-9E0D-CE828F92B2D9}.Debug|Any CPU.Build.0 = Debug|Any CPU
		{58C652F3-2F24-432A-9E0D-CE828F92B2D9}.Release|Any CPU.ActiveCfg = Release|Any CPU
		{58C652F3-2F24-432A-9E0D-CE828F92B2D9}.Release|Any CPU.Build.0 = Release|Any CPU
		{E76A7FB3-8681-45E0-83CA-DFCEA04337C4}.Debug|Any CPU.ActiveCfg = Debug|Any CPU
		{E76A7FB3-8681-45E0-83CA-DFCEA04337C4}.Debug|Any CPU.Build.0 = Debug|Any CPU
		{E76A7FB3-8681-45E0-83CA-DFCEA04337C4}.Release|Any CPU.ActiveCfg = Release|Any CPU
		{E76A7FB3-8681-45E0-83CA-DFCEA04337C4}.Release|Any CPU.Build.0 = Release|Any CPU
		{38769B02-EB1C-427D-96D5-C055F0B98462}.Debug|Any CPU.ActiveCfg = Debug|Any CPU
		{38769B02-EB1C-427D-96D5-C055F0B98462}.Debug|Any CPU.Build.0 = Debug|Any CPU
		{38769B02-EB1C-427D-96D5-C055F0B98462}.Release|Any CPU.ActiveCfg = Release|Any CPU
		{38769B02-EB1C-427D-96D5-C055F0B98462}.Release|Any CPU.Build.0 = Release|Any CPU
		{168B85EC-C16E-4A54-8968-1108723476B9}.Debug|Any CPU.ActiveCfg = Debug|Any CPU
		{168B85EC-C16E-4A54-8968-1108723476B9}.Debug|Any CPU.Build.0 = Debug|Any CPU
		{168B85EC-C16E-4A54-8968-1108723476B9}.Release|Any CPU.ActiveCfg = Release|Any CPU
		{168B85EC-C16E-4A54-8968-1108723476B9}.Release|Any CPU.Build.0 = Release|Any CPU
		{C856ED92-D918-482E-990C-B69D499D98D7}.Debug|Any CPU.ActiveCfg = Debug|Any CPU
		{C856ED92-D918-482E-990C-B69D499D98D7}.Debug|Any CPU.Build.0 = Debug|Any CPU
		{C856ED92-D918-482E-990C-B69D499D98D7}.Release|Any CPU.ActiveCfg = Release|Any CPU
		{C856ED92-D918-482E-990C-B69D499D98D7}.Release|Any CPU.Build.0 = Release|Any CPU
	EndGlobalSection
	GlobalSection(NestedProjects) = preSolution
		{AFE324CE-832C-4394-A267-BABC38AFB9C6} = {D620DECD-E72E-4F9E-969B-A1763747663B}
		{4328E736-2901-4FAB-B69C-1B4D9703C52C} = {AFE324CE-832C-4394-A267-BABC38AFB9C6}
		{58C652F3-2F24-432A-9E0D-CE828F92B2D9} = {4328E736-2901-4FAB-B69C-1B4D9703C52C}
		{9F52E312-5665-4122-8AAB-CBFEB11ABFE5} = {AFE324CE-832C-4394-A267-BABC38AFB9C6}
		{E76A7FB3-8681-45E0-83CA-DFCEA04337C4} = {9F52E312-5665-4122-8AAB-CBFEB11ABFE5}
		{A656C7EF-8FF0-4002-B378-433F343F7553} = {AFE324CE-832C-4394-A267-BABC38AFB9C6}
		{38769B02-EB1C-427D-96D5-C055F0B98462} = {A656C7EF-8FF0-4002-B378-433F343F7553}
		{596DA6C3-33B3-48D6-85A2-48041610484E} = {AFE324CE-832C-4394-A267-BABC38AFB9C6}
		{168B85EC-C16E-4A54-8968-1108723476B9} = {596DA6C3-33B3-48D6-85A2-48041610484E}
		{BB554890-C76E-4301-8483-2D318A010FD3} = {AFE324CE-832C-4394-A267-BABC38AFB9C6}
		{C856ED92-D918-482E-990C-B69D499D98D7} = {BB554890-C76E-4301-8483-2D318A010FD3}
	EndGlobalSection
EndGlobal
