
Microsoft Visual Studio Solution File, Format Version 12.00
# Visual Studio Version 17
VisualStudioVersion = 17.5.002.0
MinimumVisualStudioVersion = 10.0.40219.1
Project("{9A19103F-16F7-4668-BE54-9A1E7A4F7556}") = "Core", "Core\Core.csproj", "{82D82510-E454-47DF-9530-6FEACAFA3ECA}"
EndProject
Project("{2150E333-8FDC-42A3-9474-1A3956D46DE8}") = "ProductService", "ProductService", "{07E39E3F-E538-46D5-9981-EA3988994209}"
EndProject
Project("{2150E333-8FDC-42A3-9474-1A3956D46DE8}") = "Host", "Host", "{B6DF5404-74AC-488C-922A-3788B640A50F}"
EndProject
Project("{9A19103F-16F7-4668-BE54-9A1E7A4F7556}") = "Host", "ProductService\Host\Host\Host.csproj", "{B5E0A721-2979-46E1-9304-B408775AE094}"
EndProject
Project("{2150E333-8FDC-42A3-9474-1A3956D46DE8}") = "Enum", "Enum", "{12FAF6FB-0922-42EF-8E40-400130EB26C1}"
EndProject
Project("{9A19103F-16F7-4668-BE54-9A1E7A4F7556}") = "Enum", "ProductService\Enum\Enum\Enum.csproj", "{4002174A-B3ED-443E-ACAB-A71B7AF3DD37}"
EndProject
Project("{2150E333-8FDC-42A3-9474-1A3956D46DE8}") = "Application", "Application", "{AF204542-539E-4622-A265-68AD8527B9F8}"
EndProject
Project("{9A19103F-16F7-4668-BE54-9A1E7A4F7556}") = "Application", "ProductService\Application\Application\Application.csproj", "{C574CAE5-420A-438E-AFFD-E5F38E6F06C8}"
EndProject
Project("{2150E333-8FDC-42A3-9474-1A3956D46DE8}") = "Domain", "Domain", "{9A059FAC-2650-49ED-9753-B38B3F53C92F}"
EndProject
Project("{9A19103F-16F7-4668-BE54-9A1E7A4F7556}") = "Domain", "ProductService\Domain\Domain\Domain.csproj", "{DE95F41E-9488-4810-BC80-46B5004F50EF}"
EndProject
Project("{2150E333-8FDC-42A3-9474-1A3956D46DE8}") = "CartService", "CartService", "{BDD8D96A-94F0-44DC-9A2A-1FEE3CDFA119}"
EndProject
Project("{2150E333-8FDC-42A3-9474-1A3956D46DE8}") = "Host", "Host", "{CD43826D-6991-4C4B-BE6D-C13CC3CA2065}"
EndProject
Project("{9A19103F-16F7-4668-BE54-9A1E7A4F7556}") = "Host", "CartService\Host\Host\Host.csproj", "{BC730E5E-054F-4239-BB67-3F73E42078E8}"
EndProject
Project("{2150E333-8FDC-42A3-9474-1A3956D46DE8}") = "Enum", "Enum", "{3F577066-5375-4CEE-A9C0-6187F85856C7}"
EndProject
Project("{9A19103F-16F7-4668-BE54-9A1E7A4F7556}") = "Enum", "CartService\Enum\Enum\Enum.csproj", "{C3293291-EF8A-4872-8725-90FC4211C430}"
EndProject
Project("{2150E333-8FDC-42A3-9474-1A3956D46DE8}") = "Application", "Application", "{CD753F49-AEC6-41BD-BF6A-B1C3304E25A6}"
EndProject
Project("{9A19103F-16F7-4668-BE54-9A1E7A4F7556}") = "Application", "CartService\Application\Application\Application.csproj", "{75B2BF1E-3723-479B-89FF-4A3052C4FD4B}"
EndProject
Project("{2150E333-8FDC-42A3-9474-1A3956D46DE8}") = "Domain", "Domain", "{B4B24C7A-C08E-4E59-9E39-2604CC6C43B2}"
EndProject
Project("{9A19103F-16F7-4668-BE54-9A1E7A4F7556}") = "Domain", "CartService\Domain\Domain\Domain.csproj", "{942DAE4D-BD91-4AFC-94F9-EB2B11B121E8}"
EndProject
Project("{2150E333-8FDC-42A3-9474-1A3956D46DE8}") = "AuthService", "AuthService", "{5ED6AD5B-A1AD-43EA-871C-1FFFCB0C4CE1}"
EndProject
Project("{2150E333-8FDC-42A3-9474-1A3956D46DE8}") = "Host", "Host", "{25C1EC3A-BA71-4E67-B1B3-1D77731AD214}"
EndProject
Project("{9A19103F-16F7-4668-BE54-9A1E7A4F7556}") = "Host", "AuthService\Host\Host\Host.csproj", "{D401C2FE-B442-4828-9BFE-F2E4EE57A618}"
EndProject
Project("{2150E333-8FDC-42A3-9474-1A3956D46DE8}") = "Enum", "Enum", "{F59D8C36-B0A1-48BE-9A0A-A1BDEE3463F0}"
EndProject
Project("{9A19103F-16F7-4668-BE54-9A1E7A4F7556}") = "Enum", "AuthService\Enum\Enum\Enum.csproj", "{417AD4EA-E720-4510-8D10-460BA1555E14}"
EndProject
Project("{2150E333-8FDC-42A3-9474-1A3956D46DE8}") = "Application", "Application", "{B909544B-B2B3-4698-B140-02F8C169586F}"
EndProject
Project("{9A19103F-16F7-4668-BE54-9A1E7A4F7556}") = "Application", "AuthService\Application\Application\Application.csproj", "{73D02657-5F9D-4A2B-9D6D-9A012A8615ED}"
EndProject
Project("{2150E333-8FDC-42A3-9474-1A3956D46DE8}") = "Domain", "Domain", "{FD033D04-D22D-43F0-AE66-3D7B4D5431C1}"
EndProject
Project("{9A19103F-16F7-4668-BE54-9A1E7A4F7556}") = "Domain", "AuthService\Domain\Domain\Domain.csproj", "{DD478615-5B3B-4A98-826D-4F8D5195129D}"
EndProject
Global
	GlobalSection(SolutionConfigurationPlatforms) = preSolution
		Debug|Any CPU = Debug|Any CPU
		Release|Any CPU = Release|Any CPU
	EndGlobalSection
	GlobalSection(ProjectConfigurationPlatforms) = postSolution
		{82D82510-E454-47DF-9530-6FEACAFA3ECA}.Debug|Any CPU.ActiveCfg = Debug|Any CPU
		{82D82510-E454-47DF-9530-6FEACAFA3ECA}.Debug|Any CPU.Build.0 = Debug|Any CPU
		{82D82510-E454-47DF-9530-6FEACAFA3ECA}.Release|Any CPU.ActiveCfg = Release|Any CPU
		{82D82510-E454-47DF-9530-6FEACAFA3ECA}.Release|Any CPU.Build.0 = Release|Any CPU
		{B5E0A721-2979-46E1-9304-B408775AE094}.Debug|Any CPU.ActiveCfg = Debug|Any CPU
		{B5E0A721-2979-46E1-9304-B408775AE094}.Debug|Any CPU.Build.0 = Debug|Any CPU
		{B5E0A721-2979-46E1-9304-B408775AE094}.Release|Any CPU.ActiveCfg = Release|Any CPU
		{B5E0A721-2979-46E1-9304-B408775AE094}.Release|Any CPU.Build.0 = Release|Any CPU
		{4002174A-B3ED-443E-ACAB-A71B7AF3DD37}.Debug|Any CPU.ActiveCfg = Debug|Any CPU
		{4002174A-B3ED-443E-ACAB-A71B7AF3DD37}.Debug|Any CPU.Build.0 = Debug|Any CPU
		{4002174A-B3ED-443E-ACAB-A71B7AF3DD37}.Release|Any CPU.ActiveCfg = Release|Any CPU
		{4002174A-B3ED-443E-ACAB-A71B7AF3DD37}.Release|Any CPU.Build.0 = Release|Any CPU
		{C574CAE5-420A-438E-AFFD-E5F38E6F06C8}.Debug|Any CPU.ActiveCfg = Debug|Any CPU
		{C574CAE5-420A-438E-AFFD-E5F38E6F06C8}.Debug|Any CPU.Build.0 = Debug|Any CPU
		{C574CAE5-420A-438E-AFFD-E5F38E6F06C8}.Release|Any CPU.ActiveCfg = Release|Any CPU
		{C574CAE5-420A-438E-AFFD-E5F38E6F06C8}.Release|Any CPU.Build.0 = Release|Any CPU
		{DE95F41E-9488-4810-BC80-46B5004F50EF}.Debug|Any CPU.ActiveCfg = Debug|Any CPU
		{DE95F41E-9488-4810-BC80-46B5004F50EF}.Debug|Any CPU.Build.0 = Debug|Any CPU
		{DE95F41E-9488-4810-BC80-46B5004F50EF}.Release|Any CPU.ActiveCfg = Release|Any CPU
		{DE95F41E-9488-4810-BC80-46B5004F50EF}.Release|Any CPU.Build.0 = Release|Any CPU
		{BC730E5E-054F-4239-BB67-3F73E42078E8}.Debug|Any CPU.ActiveCfg = Debug|Any CPU
		{BC730E5E-054F-4239-BB67-3F73E42078E8}.Debug|Any CPU.Build.0 = Debug|Any CPU
		{BC730E5E-054F-4239-BB67-3F73E42078E8}.Release|Any CPU.ActiveCfg = Release|Any CPU
		{BC730E5E-054F-4239-BB67-3F73E42078E8}.Release|Any CPU.Build.0 = Release|Any CPU
		{C3293291-EF8A-4872-8725-90FC4211C430}.Debug|Any CPU.ActiveCfg = Debug|Any CPU
		{C3293291-EF8A-4872-8725-90FC4211C430}.Debug|Any CPU.Build.0 = Debug|Any CPU
		{C3293291-EF8A-4872-8725-90FC4211C430}.Release|Any CPU.ActiveCfg = Release|Any CPU
		{C3293291-EF8A-4872-8725-90FC4211C430}.Release|Any CPU.Build.0 = Release|Any CPU
		{75B2BF1E-3723-479B-89FF-4A3052C4FD4B}.Debug|Any CPU.ActiveCfg = Debug|Any CPU
		{75B2BF1E-3723-479B-89FF-4A3052C4FD4B}.Debug|Any CPU.Build.0 = Debug|Any CPU
		{75B2BF1E-3723-479B-89FF-4A3052C4FD4B}.Release|Any CPU.ActiveCfg = Release|Any CPU
		{75B2BF1E-3723-479B-89FF-4A3052C4FD4B}.Release|Any CPU.Build.0 = Release|Any CPU
		{942DAE4D-BD91-4AFC-94F9-EB2B11B121E8}.Debug|Any CPU.ActiveCfg = Debug|Any CPU
		{942DAE4D-BD91-4AFC-94F9-EB2B11B121E8}.Debug|Any CPU.Build.0 = Debug|Any CPU
		{942DAE4D-BD91-4AFC-94F9-EB2B11B121E8}.Release|Any CPU.ActiveCfg = Release|Any CPU
		{942DAE4D-BD91-4AFC-94F9-EB2B11B121E8}.Release|Any CPU.Build.0 = Release|Any CPU
		{D401C2FE-B442-4828-9BFE-F2E4EE57A618}.Debug|Any CPU.ActiveCfg = Debug|Any CPU
		{D401C2FE-B442-4828-9BFE-F2E4EE57A618}.Debug|Any CPU.Build.0 = Debug|Any CPU
		{D401C2FE-B442-4828-9BFE-F2E4EE57A618}.Release|Any CPU.ActiveCfg = Release|Any CPU
		{D401C2FE-B442-4828-9BFE-F2E4EE57A618}.Release|Any CPU.Build.0 = Release|Any CPU
		{417AD4EA-E720-4510-8D10-460BA1555E14}.Debug|Any CPU.ActiveCfg = Debug|Any CPU
		{417AD4EA-E720-4510-8D10-460BA1555E14}.Debug|Any CPU.Build.0 = Debug|Any CPU
		{417AD4EA-E720-4510-8D10-460BA1555E14}.Release|Any CPU.ActiveCfg = Release|Any CPU
		{417AD4EA-E720-4510-8D10-460BA1555E14}.Release|Any CPU.Build.0 = Release|Any CPU
		{73D02657-5F9D-4A2B-9D6D-9A012A8615ED}.Debug|Any CPU.ActiveCfg = Debug|Any CPU
		{73D02657-5F9D-4A2B-9D6D-9A012A8615ED}.Debug|Any CPU.Build.0 = Debug|Any CPU
		{73D02657-5F9D-4A2B-9D6D-9A012A8615ED}.Release|Any CPU.ActiveCfg = Release|Any CPU
		{73D02657-5F9D-4A2B-9D6D-9A012A8615ED}.Release|Any CPU.Build.0 = Release|Any CPU
		{DD478615-5B3B-4A98-826D-4F8D5195129D}.Debug|Any CPU.ActiveCfg = Debug|Any CPU
		{DD478615-5B3B-4A98-826D-4F8D5195129D}.Debug|Any CPU.Build.0 = Debug|Any CPU
		{DD478615-5B3B-4A98-826D-4F8D5195129D}.Release|Any CPU.ActiveCfg = Release|Any CPU
		{DD478615-5B3B-4A98-826D-4F8D5195129D}.Release|Any CPU.Build.0 = Release|Any CPU
	EndGlobalSection
	GlobalSection(SolutionProperties) = preSolution
		HideSolutionNode = FALSE
	EndGlobalSection
	GlobalSection(NestedProjects) = preSolution
		{B6DF5404-74AC-488C-922A-3788B640A50F} = {07E39E3F-E538-46D5-9981-EA3988994209}
		{B5E0A721-2979-46E1-9304-B408775AE094} = {B6DF5404-74AC-488C-922A-3788B640A50F}
		{12FAF6FB-0922-42EF-8E40-400130EB26C1} = {07E39E3F-E538-46D5-9981-EA3988994209}
		{4002174A-B3ED-443E-ACAB-A71B7AF3DD37} = {12FAF6FB-0922-42EF-8E40-400130EB26C1}
		{AF204542-539E-4622-A265-68AD8527B9F8} = {07E39E3F-E538-46D5-9981-EA3988994209}
		{C574CAE5-420A-438E-AFFD-E5F38E6F06C8} = {AF204542-539E-4622-A265-68AD8527B9F8}
		{9A059FAC-2650-49ED-9753-B38B3F53C92F} = {07E39E3F-E538-46D5-9981-EA3988994209}
		{DE95F41E-9488-4810-BC80-46B5004F50EF} = {9A059FAC-2650-49ED-9753-B38B3F53C92F}
		{CD43826D-6991-4C4B-BE6D-C13CC3CA2065} = {BDD8D96A-94F0-44DC-9A2A-1FEE3CDFA119}
		{BC730E5E-054F-4239-BB67-3F73E42078E8} = {CD43826D-6991-4C4B-BE6D-C13CC3CA2065}
		{3F577066-5375-4CEE-A9C0-6187F85856C7} = {BDD8D96A-94F0-44DC-9A2A-1FEE3CDFA119}
		{C3293291-EF8A-4872-8725-90FC4211C430} = {3F577066-5375-4CEE-A9C0-6187F85856C7}
		{CD753F49-AEC6-41BD-BF6A-B1C3304E25A6} = {BDD8D96A-94F0-44DC-9A2A-1FEE3CDFA119}
		{75B2BF1E-3723-479B-89FF-4A3052C4FD4B} = {CD753F49-AEC6-41BD-BF6A-B1C3304E25A6}
		{B4B24C7A-C08E-4E59-9E39-2604CC6C43B2} = {BDD8D96A-94F0-44DC-9A2A-1FEE3CDFA119}
		{942DAE4D-BD91-4AFC-94F9-EB2B11B121E8} = {B4B24C7A-C08E-4E59-9E39-2604CC6C43B2}
		{25C1EC3A-BA71-4E67-B1B3-1D77731AD214} = {5ED6AD5B-A1AD-43EA-871C-1FFFCB0C4CE1}
		{D401C2FE-B442-4828-9BFE-F2E4EE57A618} = {25C1EC3A-BA71-4E67-B1B3-1D77731AD214}
		{F59D8C36-B0A1-48BE-9A0A-A1BDEE3463F0} = {5ED6AD5B-A1AD-43EA-871C-1FFFCB0C4CE1}
		{417AD4EA-E720-4510-8D10-460BA1555E14} = {F59D8C36-B0A1-48BE-9A0A-A1BDEE3463F0}
		{B909544B-B2B3-4698-B140-02F8C169586F} = {5ED6AD5B-A1AD-43EA-871C-1FFFCB0C4CE1}
		{73D02657-5F9D-4A2B-9D6D-9A012A8615ED} = {B909544B-B2B3-4698-B140-02F8C169586F}
		{FD033D04-D22D-43F0-AE66-3D7B4D5431C1} = {5ED6AD5B-A1AD-43EA-871C-1FFFCB0C4CE1}
		{DD478615-5B3B-4A98-826D-4F8D5195129D} = {FD033D04-D22D-43F0-AE66-3D7B4D5431C1}
	EndGlobalSection
	GlobalSection(ExtensibilityGlobals) = postSolution
		SolutionGuid = {E37F8B89-770C-460D-9AC1-583E5A5E4698}
	EndGlobalSection
EndGlobal
